{
  "name": "nested2",
  "version": "1.0.0",
  "lockfileVersion": 1,
  "requires": true,
  "dependencies": {
    "lru-cache": {
      "version": "2.5.2",
      "resolved": "https://registry.npmjs.org/lru-cache/-/lru-cache-2.5.2.tgz",
      "integrity": "sha1-H92tk4quEmPOE4aAvhs/WRwKtBw="
    },
    "tiny": {
      "version": "0.0.10",
      "resolved": "https://registry.npmjs.org/tiny/-/tiny-0.0.10.tgz",
      "integrity": "sha1-ktVAtQfGcDS4x6U3l66zC2wXgKM=",
      "requires": {
        "lru-cache": "~2.5.0"
      }
    }
  }
}
